
Microsoft Visual Studio Solution File, Format Version 12.00
# Visual Studio Version 17
VisualStudioVersion = 17.10.34607.79
MinimumVisualStudioVersion = 10.0.40219.1
Project("{FAE04EC0-301F-11D3-BF4B-00C04F79EFBC}") = "Angle Rate", "Angle Rate\Angle Rate.csproj", "{57893C8D-6CBA-4C2C-B8E8-7572D571844B}"
EndProject
Global
	GlobalSection(SolutionConfigurationPlatforms) = preSolution
		Debug|Any CPU = Debug|Any CPU
		Release|Any CPU = Release|Any CPU
	EndGlobalSection
	GlobalSection(ProjectConfigurationPlatforms) = postSolution
		{57893C8D-6CBA-4C2C-B8E8-7572D571844B}.Debug|Any CPU.ActiveCfg = Debug|Any CPU
		{57893C8D-6CBA-4C2C-B8E8-7572D571844B}.Debug|Any CPU.Build.0 = Debug|Any CPU
		{57893C8D-6CBA-4C2C-B8E8-7572D571844B}.Release|Any CPU.ActiveCfg = Release|Any CPU
		{57893C8D-6CBA-4C2C-B8E8-7572D571844B}.Release|Any CPU.Build.0 = Release|Any CPU
	EndGlobalSection
	GlobalSection(SolutionProperties) = preSolution
		HideSolutionNode = FALSE
	EndGlobalSection
	GlobalSection(ExtensibilityGlobals) = postSolution
		SolutionGuid = {679E47C1-DCC4-4740-BE78-6ED400DC1680}
	EndGlobalSection
EndGlobal
